<?xml version="1.0" encoding="utf-8"?>
<Project ToolsVersion="4.0" xmlns="http://schemas.microsoft.com/developer/msbuild/2003">
  <ItemGroup>
    <Filter Include="Source Files">
      <UniqueIdentifier>{4FC737F1-C7A5-4376-A066-2A32D752A2FF}</UniqueIdentifier>
      <Extensions>cpp;c;cc;cxx;def;odl;idl;hpj;bat;asm;asmx</Extensions>
    </Filter>
    <Filter Include="Header Files">
      <UniqueIdentifier>{93995380-89BD-4b04-88EB-625FBE52EBFB}</UniqueIdentifier>
      <Extensions>h;hh;hpp;hxx;hm;inl;inc;xsd</Extensions>
    </Filter>
    <Filter Include="Resource Files">
      <UniqueIdentifier>{67DA6AB6-F800-4c08-8B7A-83BB121AAD01}</UniqueIdentifier>
      <Extensions>rc;ico;cur;bmp;dlg;rc2;rct;bin;rgs;gif;jpg;jpeg;jpe;resx;tiff;tif;png;wav;mfcribbon-ms</Extensions>
    </Filter>
  </ItemGroup>
  <ItemGroup>
    <ClCompile Include="Token.c">
      <Filter>Source Files</Filter>
    </ClCompile>
    <ClCompile Include="win.lex.yy.c">
      <Filter>Source Files</Filter>
    </ClCompile>
    <ClCompile Include="RecursiveDescentParser.c">
      <Filter>Source Files</Filter>
    </ClCompile>
    <ClCompile Include="parse_block.c">
      <Filter>Source Files</Filter>
    </ClCompile>
    <ClCompile Include="parse_expression.c">
      <Filter>Source Files</Filter>
    </ClCompile>
    <ClCompile Include="parse_expression_clean.c">
      <Filter>Source Files</Filter>
    </ClCompile>
    <ClCompile Include="parse_func_definition.c">
      <Filter>Source Files</Filter>
    </ClCompile>
    <ClCompile Include="parse_func_definitions.c">
      <Filter>Source Files</Filter>
    </ClCompile>
    <ClCompile Include="parse_func_definitions_celan.c">
      <Filter>Source Files</Filter>
    </ClCompile>
    <ClCompile Include="parse_param_definitions.c">
      <Filter>Source Files</Filter>
    </ClCompile>
    <ClCompile Include="parse_parameters_list.c">
      <Filter>Source Files</Filter>
    </ClCompile>
    <ClCompile Include="parse_program.c">
      <Filter>Source Files</Filter>
    </ClCompile>
    <ClCompile Include="parse_returned_type.c">
      <Filter>Source Files</Filter>
    </ClCompile>
    <ClCompile Include="parse_statment.c">
      <Filter>Source Files</Filter>
    </ClCompile>
    <ClCompile Include="parse_statments.c">
      <Filter>Source Files</Filter>
    </ClCompile>
    <ClCompile Include="parse_type.c">
      <Filter>Source Files</Filter>
    </ClCompile>
    <ClCompile Include="parse_var_definition.c">
      <Filter>Source Files</Filter>
    </ClCompile>
    <ClCompile Include="parse_var_definitions.c">
      <Filter>Source Files</Filter>
    </ClCompile>
    <ClCompile Include="parse_variable.c">
      <Filter>Source Files</Filter>
    </ClCompile>
    <ClCompile Include="parse_variable_clean.c">
      <Filter>Source Files</Filter>
    </ClCompile>
    <ClCompile Include="VariableFunctionList.c">
      <Filter>Source Files</Filter>
    </ClCompile>
    <ClCompile Include="parse_var_definitions_clean.c">
      <Filter>Source Files</Filter>
    </ClCompile>
    <ClCompile Include="parse_statments_clean.c">
      <Filter>Source Files</Filter>
    </ClCompile>
    <ClCompile Include="parse_id_statment_clean.c">
      <Filter>Source Files</Filter>
    </ClCompile>
    <ClCompile Include="parse_return_statment_clean.c">
      <Filter>Source Files</Filter>
    </ClCompile>
    <ClCompile Include="parse_variables_list_clean.c">
      <Filter>Source Files</Filter>
    </ClCompile>
    <ClCompile Include="parse_variables_list.c">
      <Filter>Source Files</Filter>
    </ClCompile>
  </ItemGroup>
  <ItemGroup>
    <ClInclude Include="Token.h">
      <Filter>Header Files</Filter>
    </ClInclude>
    <ClInclude Include="RecursiveDescentParser.h">
      <Filter>Header Files</Filter>
    </ClInclude>
    <ClInclude Include="VariableFunctionList.h">
      <Filter>Header Files</Filter>
    </ClInclude>
    <ClInclude Include="parse_block.h">
      <Filter>Header Files</Filter>
    </ClInclude>
    <ClInclude Include="parse_expression.h">
      <Filter>Header Files</Filter>
    </ClInclude>
    <ClInclude Include="parse_expression_clean.h">
      <Filter>Header Files</Filter>
    </ClInclude>
    <ClInclude Include="parse_func_definition.h">
      <Filter>Header Files</Filter>
    </ClInclude>
    <ClInclude Include="parse_func_definitions.h">
      <Filter>Header Files</Filter>
    </ClInclude>
    <ClInclude Include="parse_func_definitions_celan.h">
      <Filter>Header Files</Filter>
    </ClInclude>
    <ClInclude Include="parse_param_definitions.h">
      <Filter>Header Files</Filter>
    </ClInclude>
    <ClInclude Include="parse_parameters_list.h">
      <Filter>Header Files</Filter>
    </ClInclude>
    <ClInclude Include="parse_program.h">
      <Filter>Header Files</Filter>
    </ClInclude>
    <ClInclude Include="parse_returned_type.h">
      <Filter>Header Files</Filter>
    </ClInclude>
    <ClInclude Include="parse_statment.h">
      <Filter>Header Files</Filter>
    </ClInclude>
    <ClInclude Include="parse_statments.h">
      <Filter>Header Files</Filter>
    </ClInclude>
    <ClInclude Include="parse_type.h">
      <Filter>Header Files</Filter>
    </ClInclude>
    <ClInclude Include="parse_var_definition.h">
      <Filter>Header Files</Filter>
    </ClInclude>
    <ClInclude Include="parse_var_definitions.h">
      <Filter>Header Files</Filter>
    </ClInclude>
    <ClInclude Include="parse_variable.h">
      <Filter>Header Files</Filter>
    </ClInclude>
    <ClInclude Include="parse_variable_clean.h">
      <Filter>Header Files</Filter>
    </ClInclude>
    <ClInclude Include="parse_var_definitions_clean.h">
      <Filter>Header Files</Filter>
    </ClInclude>
    <ClInclude Include="parse_statments_clean.h">
      <Filter>Header Files</Filter>
    </ClInclude>
    <ClInclude Include="parse_id_statment_clean.h">
      <Filter>Header Files</Filter>
    </ClInclude>
    <ClInclude Include="parse_return_statment_clean.h">
      <Filter>Header Files</Filter>
    </ClInclude>
    <ClInclude Include="parse_variables_list.h">
      <Filter>Header Files</Filter>
    </ClInclude>
    <ClInclude Include="parse_variables_list_clean.h">
      <Filter>Header Files</Filter>
    </ClInclude>
  </ItemGroup>
  <ItemGroup>
    <None Include="ex1.lex">
      <Filter>Resource Files</Filter>
    </None>
  </ItemGroup>
  <ItemGroup>
    <Text Include="information.txt">
      <Filter>Resource Files</Filter>
    </Text>
  </ItemGroup>
</Project>